
Microsoft Visual Studio Solution File, Format Version 12.00
# Visual Studio Version 16
VisualStudioVersion = 16.0.31205.134
MinimumVisualStudioVersion = 10.0.40219.1
Project("{FAE04EC0-301F-11D3-BF4B-00C04F79EFBC}") = "MusicPlayer1", "MusicPlayer1\MusicPlayer1.csproj", "{CBB51176-4EF2-4F6B-B9AA-011F33A6BF97}"
EndProject
Global
	GlobalSection(SolutionConfigurationPlatforms) = preSolution
		Debug|Any CPU = Debug|Any CPU
		Release|Any CPU = Release|Any CPU
	EndGlobalSection
	GlobalSection(ProjectConfigurationPlatforms) = postSolution
		{CBB51176-4EF2-4F6B-B9AA-011F33A6BF97}.Debug|Any CPU.ActiveCfg = Debug|Any CPU
		{CBB51176-4EF2-4F6B-B9AA-011F33A6BF97}.Debug|Any CPU.Build.0 = Debug|Any CPU
		{CBB51176-4EF2-4F6B-B9AA-011F33A6BF97}.Release|Any CPU.ActiveCfg = Release|Any CPU
		{CBB51176-4EF2-4F6B-B9AA-011F33A6BF97}.Release|Any CPU.Build.0 = Release|Any CPU
	EndGlobalSection
	GlobalSection(SolutionProperties) = preSolution
		HideSolutionNode = FALSE
	EndGlobalSection
	GlobalSection(ExtensibilityGlobals) = postSolution
		SolutionGuid = {26661309-3B6C-4CC5-AFC9-8F1E3BC5242E}
	EndGlobalSection
EndGlobal
